
Microsoft Visual Studio Solution File, Format Version 12.00
# Visual Studio Version 17
VisualStudioVersion = 17.6.33717.318
MinimumVisualStudioVersion = 10.0.40219.1
Project("{9A19103F-16F7-4668-BE54-9A1E7A4F7556}") = "personInfoForm", "personInfoForm\personInfoForm.csproj", "{7B487CAE-4177-4138-82B2-F4EA59795F7E}"
EndProject
Project("{9A19103F-16F7-4668-BE54-9A1E7A4F7556}") = "WpfAppLibrary", "WpfAppLibrary\WpfAppLibrary.csproj", "{FE41AB94-DED7-4B00-92FE-B8192DB49866}"
EndProject
Global
	GlobalSection(SolutionConfigurationPlatforms) = preSolution
		Debug|Any CPU = Debug|Any CPU
		Release|Any CPU = Release|Any CPU
	EndGlobalSection
	GlobalSection(ProjectConfigurationPlatforms) = postSolution
		{7B487CAE-4177-4138-82B2-F4EA59795F7E}.Debug|Any CPU.ActiveCfg = Debug|Any CPU
		{7B487CAE-4177-4138-82B2-F4EA59795F7E}.Debug|Any CPU.Build.0 = Debug|Any CPU
		{7B487CAE-4177-4138-82B2-F4EA59795F7E}.Release|Any CPU.ActiveCfg = Release|Any CPU
		{7B487CAE-4177-4138-82B2-F4EA59795F7E}.Release|Any CPU.Build.0 = Release|Any CPU
		{FE41AB94-DED7-4B00-92FE-B8192DB49866}.Debug|Any CPU.ActiveCfg = Debug|Any CPU
		{FE41AB94-DED7-4B00-92FE-B8192DB49866}.Debug|Any CPU.Build.0 = Debug|Any CPU
		{FE41AB94-DED7-4B00-92FE-B8192DB49866}.Release|Any CPU.ActiveCfg = Release|Any CPU
		{FE41AB94-DED7-4B00-92FE-B8192DB49866}.Release|Any CPU.Build.0 = Release|Any CPU
	EndGlobalSection
	GlobalSection(SolutionProperties) = preSolution
		HideSolutionNode = FALSE
	EndGlobalSection
	GlobalSection(ExtensibilityGlobals) = postSolution
		SolutionGuid = {A590AF61-B1A5-4394-BE55-92A77B78EE4B}
	EndGlobalSection
EndGlobal
